
Microsoft Visual Studio Solution File, Format Version 12.00
# Visual Studio 2012
Project("{F184B08F-C81C-45F6-A57F-5ABD9991F28F}") = "Risk", "Risk\Risk.vbproj", "{B32007EB-F8F7-46B1-867F-45A35F45709A}"
EndProject
Global
	GlobalSection(TeamFoundationVersionControl) = preSolution
		SccNumberOfProjects = 2
		SccEnterpriseProvider = {4CA58AB2-18FA-4F8D-95D4-32DDF27D184C}
		SccTeamFoundationServer = https://systematiccomputers.visualstudio.com/defaultcollection
		SccLocalPath0 = .
		SccProjectUniqueName1 = Risk\\Risk.vbproj
		SccProjectName1 = Risk
		SccLocalPath1 = Risk
	EndGlobalSection
	GlobalSection(SolutionConfigurationPlatforms) = preSolution
		Debug|Any CPU = Debug|Any CPU
		Release|Any CPU = Release|Any CPU
	EndGlobalSection
	GlobalSection(ProjectConfigurationPlatforms) = postSolution
		{B32007EB-F8F7-46B1-867F-45A35F45709A}.Debug|Any CPU.ActiveCfg = Debug|Any CPU
		{B32007EB-F8F7-46B1-867F-45A35F45709A}.Debug|Any CPU.Build.0 = Debug|Any CPU
		{B32007EB-F8F7-46B1-867F-45A35F45709A}.Release|Any CPU.ActiveCfg = Release|Any CPU
		{B32007EB-F8F7-46B1-867F-45A35F45709A}.Release|Any CPU.Build.0 = Release|Any CPU
	EndGlobalSection
	GlobalSection(SolutionProperties) = preSolution
		HideSolutionNode = FALSE
	EndGlobalSection
EndGlobal
