
Microsoft Visual Studio Solution File, Format Version 10.00
# Visual Studio 2008
Project("{F184B08F-C81C-45F6-A57F-5ABD9991F28F}") = "Risk", "Risk\Risk.vbproj", "{B32007EB-F8F7-46B1-867F-45A35F45709A}"
EndProject
Global
	GlobalSection(SolutionConfigurationPlatforms) = preSolution
		Debug|Any CPU = Debug|Any CPU
		Release|Any CPU = Release|Any CPU
	EndGlobalSection
	GlobalSection(ProjectConfigurationPlatforms) = postSolution
		{B32007EB-F8F7-46B1-867F-45A35F45709A}.Debug|Any CPU.ActiveCfg = Debug|Any CPU
		{B32007EB-F8F7-46B1-867F-45A35F45709A}.Debug|Any CPU.Build.0 = Debug|Any CPU
		{B32007EB-F8F7-46B1-867F-45A35F45709A}.Release|Any CPU.ActiveCfg = Release|Any CPU
		{B32007EB-F8F7-46B1-867F-45A35F45709A}.Release|Any CPU.Build.0 = Release|Any CPU
	EndGlobalSection
	GlobalSection(SolutionProperties) = preSolution
		HideSolutionNode = FALSE
	EndGlobalSection
EndGlobal
